
Microsoft Visual Studio Solution File, Format Version 12.00
# Visual Studio Version 17
VisualStudioVersion = 17.14.36414.22 d17.14
MinimumVisualStudioVersion = 10.0.40219.1
Project("{FAE04EC0-301F-11D3-BF4B-00C04F79EFBC}") = "SupaBaseIntegration", "SupaBaseIntegration\SupaBaseIntegration.csproj", "{1E5BF535-8C59-406A-B20C-E5B3FDE7C0BD}"
EndProject
Global
	GlobalSection(SolutionConfigurationPlatforms) = preSolution
		Debug|Any CPU = Debug|Any CPU
		Release|Any CPU = Release|Any CPU
	EndGlobalSection
	GlobalSection(ProjectConfigurationPlatforms) = postSolution
		{1E5BF535-8C59-406A-B20C-E5B3FDE7C0BD}.Debug|Any CPU.ActiveCfg = Debug|Any CPU
		{1E5BF535-8C59-406A-B20C-E5B3FDE7C0BD}.Debug|Any CPU.Build.0 = Debug|Any CPU
		{1E5BF535-8C59-406A-B20C-E5B3FDE7C0BD}.Release|Any CPU.ActiveCfg = Release|Any CPU
		{1E5BF535-8C59-406A-B20C-E5B3FDE7C0BD}.Release|Any CPU.Build.0 = Release|Any CPU
	EndGlobalSection
	GlobalSection(SolutionProperties) = preSolution
		HideSolutionNode = FALSE
	EndGlobalSection
	GlobalSection(ExtensibilityGlobals) = postSolution
		SolutionGuid = {DA8EC032-F399-4A02-A1CE-2235FA79B219}
	EndGlobalSection
EndGlobal
